
Microsoft Visual Studio Solution File, Format Version 12.00
# Visual Studio Version 17
VisualStudioVersion = 17.2.32519.379
MinimumVisualStudioVersion = 10.0.40219.1
Project("{FAE04EC0-301F-11D3-BF4B-00C04F79EFBC}") = "lecture 5 task", "lecture 5 task\lecture 5 task.csproj", "{821A371E-3DE8-49E2-A46F-546154278214}"
EndProject
Global
	GlobalSection(SolutionConfigurationPlatforms) = preSolution
		Debug|Any CPU = Debug|Any CPU
		Release|Any CPU = Release|Any CPU
	EndGlobalSection
	GlobalSection(ProjectConfigurationPlatforms) = postSolution
		{821A371E-3DE8-49E2-A46F-546154278214}.Debug|Any CPU.ActiveCfg = Debug|Any CPU
		{821A371E-3DE8-49E2-A46F-546154278214}.Debug|Any CPU.Build.0 = Debug|Any CPU
		{821A371E-3DE8-49E2-A46F-546154278214}.Release|Any CPU.ActiveCfg = Release|Any CPU
		{821A371E-3DE8-49E2-A46F-546154278214}.Release|Any CPU.Build.0 = Release|Any CPU
	EndGlobalSection
	GlobalSection(SolutionProperties) = preSolution
		HideSolutionNode = FALSE
	EndGlobalSection
	GlobalSection(ExtensibilityGlobals) = postSolution
		SolutionGuid = {ABD6C413-3272-4738-B6AA-C2E62FCBE6B0}
	EndGlobalSection
EndGlobal
